// !$*UTF8*$!
{
	archiveVersion = 1;
	classes = {
	};
	objectVersion = 52;
	objects = {

/* Begin PBXBuildFile section */
		37130ECC24A62D3F007E7151 /* Raleway-Medium.ttf in Resources */ = {isa = PBXBuildFile; fileRef = 37130ECB24A62D3F007E7151 /* Raleway-Medium.ttf */; };
		3715EAC3239188E800CAA9E7 /* AppDelegate.swift in Sources */ = {isa = PBXBuildFile; fileRef = 3715EAC2239188E800CAA9E7 /* AppDelegate.swift */; };
		3715EACA239188E800CAA9E7 /* Main.storyboard in Resources */ = {isa = PBXBuildFile; fileRef = 3715EAC8239188E800CAA9E7 /* Main.storyboard */; };
		3715EACF239188E800CAA9E7 /* Assets.xcassets in Resources */ = {isa = PBXBuildFile; fileRef = 3715EACE239188E800CAA9E7 /* Assets.xcassets */; };
		3715EAD2239188E800CAA9E7 /* LaunchScreen.storyboard in Resources */ = {isa = PBXBuildFile; fileRef = 3715EAD0239188E800CAA9E7 /* LaunchScreen.storyboard */; };
		3715EADD239188E900CAA9E7 /* MDPetTests.swift in Sources */ = {isa = PBXBuildFile; fileRef = 3715EADC239188E900CAA9E7 /* MDPetTests.swift */; };
		372CEF77249B692F002AEAF5 /* ConsultationsListViewController.swift in Sources */ = {isa = PBXBuildFile; fileRef = 372CEF76249B692F002AEAF5 /* ConsultationsListViewController.swift */; };
		372CEF79249BA8AA002AEAF5 /* PetViewController.swift in Sources */ = {isa = PBXBuildFile; fileRef = 372CEF78249BA8AA002AEAF5 /* PetViewController.swift */; };
		372CEFBF249FD036002AEAF5 /* PresentConsultationCell.swift in Sources */ = {isa = PBXBuildFile; fileRef = 372CEFBE249FD036002AEAF5 /* PresentConsultationCell.swift */; };
		372CEFC1249FD07D002AEAF5 /* PresentVaccineCell.swift in Sources */ = {isa = PBXBuildFile; fileRef = 372CEFC0249FD07D002AEAF5 /* PresentVaccineCell.swift */; };
		372CEFC324A3578C002AEAF5 /* GetFirebaseVeterinaries.swift in Sources */ = {isa = PBXBuildFile; fileRef = 372CEFC224A3578B002AEAF5 /* GetFirebaseVeterinaries.swift */; };
		372CEFC524A386D2002AEAF5 /* GetFirebasePets.swift in Sources */ = {isa = PBXBuildFile; fileRef = 372CEFC424A386D1002AEAF5 /* GetFirebasePets.swift */; };
		372CFFCA248676B600984537 /* SettingsViewController.swift in Sources */ = {isa = PBXBuildFile; fileRef = 372CFFC9248676B600984537 /* SettingsViewController.swift */; };
		372CFFCC248682FA00984537 /* PetsListTableViewController.swift in Sources */ = {isa = PBXBuildFile; fileRef = 372CFFCB248682FA00984537 /* PetsListTableViewController.swift */; };
		372CFFCE2486839200984537 /* PetItem.swift in Sources */ = {isa = PBXBuildFile; fileRef = 372CFFCD2486839200984537 /* PetItem.swift */; };
		372CFFD22486856100984537 /* VeterinariesListTableViewController.swift in Sources */ = {isa = PBXBuildFile; fileRef = 372CFFD12486856100984537 /* VeterinariesListTableViewController.swift */; };
		372CFFD42486A2A400984537 /* User.swift in Sources */ = {isa = PBXBuildFile; fileRef = 372CFFD32486A2A400984537 /* User.swift */; };
		372CFFD62486A72400984537 /* VeterinaryItem.swift in Sources */ = {isa = PBXBuildFile; fileRef = 372CFFD52486A72400984537 /* VeterinaryItem.swift */; };
		3741A18A2493B3AB00E3D858 /* PresentVeterinaryCell.swift in Sources */ = {isa = PBXBuildFile; fileRef = 3741A1892493B3AB00E3D858 /* PresentVeterinaryCell.swift */; };
		3741A18E2495F22A00E3D858 /* GetFirebasePicture.swift in Sources */ = {isa = PBXBuildFile; fileRef = 3741A18D2495F22A00E3D858 /* GetFirebasePicture.swift */; };
		3741A192249778E000E3D858 /* ConfirmVeterinarySuppressViewController.swift in Sources */ = {isa = PBXBuildFile; fileRef = 3741A191249778E000E3D858 /* ConfirmVeterinarySuppressViewController.swift */; };
		3741A19424979D3000E3D858 /* ConfirmPetSuppressViewController.swift in Sources */ = {isa = PBXBuildFile; fileRef = 3741A19324979D3000E3D858 /* ConfirmPetSuppressViewController.swift */; };
		3748CEF723EDC53D002B8999 /* TabBarViewController.swift in Sources */ = {isa = PBXBuildFile; fileRef = 3748CEF623EDC53D002B8999 /* TabBarViewController.swift */; };
		3748CF1B23EDE48C002B8999 /* CloudKit.framework in Frameworks */ = {isa = PBXBuildFile; fileRef = 3748CF1A23EDE48C002B8999 /* CloudKit.framework */; };
		3748CF2123EF194B002B8999 /* Races.swift in Sources */ = {isa = PBXBuildFile; fileRef = 3748CF2023EF194B002B8999 /* Races.swift */; };
		3748CF2323EFE84B002B8999 /* SettingsButton.swift in Sources */ = {isa = PBXBuildFile; fileRef = 3748CF2223EFE84B002B8999 /* SettingsButton.swift */; };
		3748CF2523EFEA5D002B8999 /* SettingsCornerBorderRadiusView.swift in Sources */ = {isa = PBXBuildFile; fileRef = 3748CF2423EFEA5D002B8999 /* SettingsCornerBorderRadiusView.swift */; };
		3748CF4923F06623002B8999 /* VeterinayViewController.swift in Sources */ = {isa = PBXBuildFile; fileRef = 3748CF4823F06623002B8999 /* VeterinayViewController.swift */; };
		375317D124ADE60A006B5912 /* GetFirebaseConsultations.swift in Sources */ = {isa = PBXBuildFile; fileRef = 375317D024ADE60A006B5912 /* GetFirebaseConsultations.swift */; };
		375317D324ADE6E9006B5912 /* ConsultationItem.swift in Sources */ = {isa = PBXBuildFile; fileRef = 375317D224ADE6E9006B5912 /* ConsultationItem.swift */; };
		3755789E24A5DDA200CA1252 /* VaccinesListViewController.swift in Sources */ = {isa = PBXBuildFile; fileRef = 3755789D24A5DDA200CA1252 /* VaccinesListViewController.swift */; };
		375578A024A5E88400CA1252 /* VaccineItem.swift in Sources */ = {isa = PBXBuildFile; fileRef = 3755789F24A5E88400CA1252 /* VaccineItem.swift */; };
		375578A224A625EC00CA1252 /* GetFirebaseVaccines.swift in Sources */ = {isa = PBXBuildFile; fileRef = 375578A124A625EC00CA1252 /* GetFirebaseVaccines.swift */; };
		3757579224C8956F00294274 /* VaccineViewController.swift in Sources */ = {isa = PBXBuildFile; fileRef = 3757579124C8956F00294274 /* VaccineViewController.swift */; };
		3757579424C9B8CE00294274 /* NameOfFirebaseItems.swift in Sources */ = {isa = PBXBuildFile; fileRef = 3757579324C9B8CE00294274 /* NameOfFirebaseItems.swift */; };
		3757579624CDC7C900294274 /* EventsCalendarManager.swift in Sources */ = {isa = PBXBuildFile; fileRef = 3757579524CDC7C900294274 /* EventsCalendarManager.swift */; };
		379AB36324B75B5000C056A1 /* TypeOfCaller.swift in Sources */ = {isa = PBXBuildFile; fileRef = 379AB36224B75B5000C056A1 /* TypeOfCaller.swift */; };
		379AB36724B767BA00C056A1 /* ImagePicker.swift in Sources */ = {isa = PBXBuildFile; fileRef = 379AB36624B767BA00C056A1 /* ImagePicker.swift */; };
		379AB36924B8715200C056A1 /* CalandarVaccines.swift in Sources */ = {isa = PBXBuildFile; fileRef = 379AB36824B8715200C056A1 /* CalandarVaccines.swift */; };
		379AB36B24B8B2E000C056A1 /* ConsultationViewController.swift in Sources */ = {isa = PBXBuildFile; fileRef = 379AB36A24B8B2E000C056A1 /* ConsultationViewController.swift */; };
		37A6588E248A86DC0063867C /* PresentPetCell.swift in Sources */ = {isa = PBXBuildFile; fileRef = 37A6588D248A86DC0063867C /* PresentPetCell.swift */; };
		37A6589024922C610063867C /* UserUid.swift in Sources */ = {isa = PBXBuildFile; fileRef = 37A6588F24922C610063867C /* UserUid.swift */; };
		37A981DE24A4E26200F491E2 /* Diseases.swift in Sources */ = {isa = PBXBuildFile; fileRef = 37A981DD24A4E26200F491E2 /* Diseases.swift */; };
		37C227BE24D06E8C00492C59 /* TypeOfCall.swift in Sources */ = {isa = PBXBuildFile; fileRef = 37C227BD24D06E8C00492C59 /* TypeOfCall.swift */; };
		37C227CE24D1D2C700492C59 /* AuthenticationGatewayFirebase.swift in Sources */ = {isa = PBXBuildFile; fileRef = 37C227CD24D1D2C700492C59 /* AuthenticationGatewayFirebase.swift */; };
		37C227D024D1D71900492C59 /* AuthenticationGateway.swift in Sources */ = {isa = PBXBuildFile; fileRef = 37C227CF24D1D71900492C59 /* AuthenticationGateway.swift */; };
		37C227D224D1DB6A00492C59 /* ManagmentUserFirebase.swift in Sources */ = {isa = PBXBuildFile; fileRef = 37C227D124D1DB6A00492C59 /* ManagmentUserFirebase.swift */; };
		37C227D424D2BFAB00492C59 /* AuthenticationError.swift in Sources */ = {isa = PBXBuildFile; fileRef = 37C227D324D2BFAB00492C59 /* AuthenticationError.swift */; };
		37C227D624D2C08A00492C59 /* AuthenticationErrorValidator.swift in Sources */ = {isa = PBXBuildFile; fileRef = 37C227D524D2C08A00492C59 /* AuthenticationErrorValidator.swift */; };
		37C227DA24D3027F00492C59 /* RegisterUserPrsenter.swift in Sources */ = {isa = PBXBuildFile; fileRef = 37C227D924D3027F00492C59 /* RegisterUserPrsenter.swift */; };
		37CED12A23FC112100CF6247 /* UIViewController+Alert.swift in Sources */ = {isa = PBXBuildFile; fileRef = 37CED12923FC112100CF6247 /* UIViewController+Alert.swift */; };
		37CED12C23FC114400CF6247 /* Errors.swift in Sources */ = {isa = PBXBuildFile; fileRef = 37CED12B23FC114400CF6247 /* Errors.swift */; };
		37CED12E23FC154200CF6247 /* Pets.swift in Sources */ = {isa = PBXBuildFile; fileRef = 37CED12D23FC154200CF6247 /* Pets.swift */; };
		37CED13223FD1F0700CF6247 /* GoogleService-Info.plist in Resources */ = {isa = PBXBuildFile; fileRef = 37CED13123FD1F0700CF6247 /* GoogleService-Info.plist */; };
		37CED13D23FD329500CF6247 /* LoginViewController.swift in Sources */ = {isa = PBXBuildFile; fileRef = 37CED13C23FD329500CF6247 /* LoginViewController.swift */; };
		37D0384924B45D8100449A69 /* Settings.swift in Sources */ = {isa = PBXBuildFile; fileRef = 37D0384824B45D8100449A69 /* Settings.swift */; };
		37D0384B24B4995D00449A69 /* PresentVaccineDetailCell.swift in Sources */ = {isa = PBXBuildFile; fileRef = 37D0384A24B4995D00449A69 /* PresentVaccineDetailCell.swift */; };
		37D0384D24B4AF6100449A69 /* SelfSizedTableView.swift in Sources */ = {isa = PBXBuildFile; fileRef = 37D0384C24B4AF6100449A69 /* SelfSizedTableView.swift */; };
		37DE5AAB2499192C0077FEFB /* ConfirmUpdateViewController.swift in Sources */ = {isa = PBXBuildFile; fileRef = 37DE5AAA2499192C0077FEFB /* ConfirmUpdateViewController.swift */; };
		37DE5AAD249919AB0077FEFB /* Notification.swift in Sources */ = {isa = PBXBuildFile; fileRef = 37DE5AAC249919AB0077FEFB /* Notification.swift */; };
		63648A39CE01CAD4FAFD4A5F /* Pods_MDPet.framework in Frameworks */ = {isa = PBXBuildFile; fileRef = AED4F1223DC9D341AEFA3DAC /* Pods_MDPet.framework */; };
		BDD2E22FE5EA215B145C5863 /* Pods_MDPet_MDPetTests.framework in Frameworks */ = {isa = PBXBuildFile; fileRef = BC151D98E87455C2F561A68D /* Pods_MDPet_MDPetTests.framework */; };
/* End PBXBuildFile section */

/* Begin PBXContainerItemProxy section */
		3715EAD9239188E900CAA9E7 /* PBXContainerItemProxy */ = {
			isa = PBXContainerItemProxy;
			containerPortal = 3715EAB7239188E800CAA9E7 /* Project object */;
			proxyType = 1;
			remoteGlobalIDString = 3715EABE239188E800CAA9E7;
			remoteInfo = MDPet;
		};
/* End PBXContainerItemProxy section */

/* Begin PBXFileReference section */
		37130ECB24A62D3F007E7151 /* Raleway-Medium.ttf */ = {isa = PBXFileReference; lastKnownFileType = file; name = "Raleway-Medium.ttf"; path = "../../../../../../Desktop/Raleway/Raleway-Medium.ttf"; sourceTree = "<group>"; };
		3715EABF239188E800CAA9E7 /* MDPet.app */ = {isa = PBXFileReference; explicitFileType = wrapper.application; includeInIndex = 0; path = MDPet.app; sourceTree = BUILT_PRODUCTS_DIR; };
		3715EAC2239188E800CAA9E7 /* AppDelegate.swift */ = {isa = PBXFileReference; lastKnownFileType = sourcecode.swift; path = AppDelegate.swift; sourceTree = "<group>"; };
		3715EAC9239188E800CAA9E7 /* Base */ = {isa = PBXFileReference; lastKnownFileType = file.storyboard; name = Base; path = Base.lproj/Main.storyboard; sourceTree = "<group>"; };
		3715EACE239188E800CAA9E7 /* Assets.xcassets */ = {isa = PBXFileReference; lastKnownFileType = folder.assetcatalog; path = Assets.xcassets; sourceTree = "<group>"; };
		3715EAD1239188E800CAA9E7 /* Base */ = {isa = PBXFileReference; lastKnownFileType = file.storyboard; name = Base; path = Base.lproj/LaunchScreen.storyboard; sourceTree = "<group>"; };
		3715EAD3239188E800CAA9E7 /* Info.plist */ = {isa = PBXFileReference; lastKnownFileType = text.plist.xml; path = Info.plist; sourceTree = "<group>"; };
		3715EAD8239188E900CAA9E7 /* MDPetTests.xctest */ = {isa = PBXFileReference; explicitFileType = wrapper.cfbundle; includeInIndex = 0; path = MDPetTests.xctest; sourceTree = BUILT_PRODUCTS_DIR; };
		3715EADC239188E900CAA9E7 /* MDPetTests.swift */ = {isa = PBXFileReference; lastKnownFileType = sourcecode.swift; path = MDPetTests.swift; sourceTree = "<group>"; };
		3715EADE239188E900CAA9E7 /* Info.plist */ = {isa = PBXFileReference; lastKnownFileType = text.plist.xml; path = Info.plist; sourceTree = "<group>"; };
		372CEF76249B692F002AEAF5 /* ConsultationsListViewController.swift */ = {isa = PBXFileReference; lastKnownFileType = sourcecode.swift; path = ConsultationsListViewController.swift; sourceTree = "<group>"; };
		372CEF78249BA8AA002AEAF5 /* PetViewController.swift */ = {isa = PBXFileReference; lastKnownFileType = sourcecode.swift; path = PetViewController.swift; sourceTree = "<group>"; };
		372CEFBE249FD036002AEAF5 /* PresentConsultationCell.swift */ = {isa = PBXFileReference; lastKnownFileType = sourcecode.swift; path = PresentConsultationCell.swift; sourceTree = "<group>"; };
		372CEFC0249FD07D002AEAF5 /* PresentVaccineCell.swift */ = {isa = PBXFileReference; lastKnownFileType = sourcecode.swift; path = PresentVaccineCell.swift; sourceTree = "<group>"; };
		372CEFC224A3578B002AEAF5 /* GetFirebaseVeterinaries.swift */ = {isa = PBXFileReference; lastKnownFileType = sourcecode.swift; path = GetFirebaseVeterinaries.swift; sourceTree = "<group>"; };
		372CEFC424A386D1002AEAF5 /* GetFirebasePets.swift */ = {isa = PBXFileReference; lastKnownFileType = sourcecode.swift; path = GetFirebasePets.swift; sourceTree = "<group>"; };
		372CFFC9248676B600984537 /* SettingsViewController.swift */ = {isa = PBXFileReference; lastKnownFileType = sourcecode.swift; path = SettingsViewController.swift; sourceTree = "<group>"; };
		372CFFCB248682FA00984537 /* PetsListTableViewController.swift */ = {isa = PBXFileReference; lastKnownFileType = sourcecode.swift; path = PetsListTableViewController.swift; sourceTree = "<group>"; };
		372CFFCD2486839200984537 /* PetItem.swift */ = {isa = PBXFileReference; lastKnownFileType = sourcecode.swift; path = PetItem.swift; sourceTree = "<group>"; };
		372CFFD12486856100984537 /* VeterinariesListTableViewController.swift */ = {isa = PBXFileReference; lastKnownFileType = sourcecode.swift; path = VeterinariesListTableViewController.swift; sourceTree = "<group>"; };
		372CFFD32486A2A400984537 /* User.swift */ = {isa = PBXFileReference; lastKnownFileType = sourcecode.swift; path = User.swift; sourceTree = "<group>"; };
		372CFFD52486A72400984537 /* VeterinaryItem.swift */ = {isa = PBXFileReference; lastKnownFileType = sourcecode.swift; path = VeterinaryItem.swift; sourceTree = "<group>"; };
		3741A1892493B3AB00E3D858 /* PresentVeterinaryCell.swift */ = {isa = PBXFileReference; lastKnownFileType = sourcecode.swift; path = PresentVeterinaryCell.swift; sourceTree = "<group>"; };
		3741A18D2495F22A00E3D858 /* GetFirebasePicture.swift */ = {isa = PBXFileReference; lastKnownFileType = sourcecode.swift; path = GetFirebasePicture.swift; sourceTree = "<group>"; };
		3741A191249778E000E3D858 /* ConfirmVeterinarySuppressViewController.swift */ = {isa = PBXFileReference; lastKnownFileType = sourcecode.swift; path = ConfirmVeterinarySuppressViewController.swift; sourceTree = "<group>"; };
		3741A19324979D3000E3D858 /* ConfirmPetSuppressViewController.swift */ = {isa = PBXFileReference; lastKnownFileType = sourcecode.swift; path = ConfirmPetSuppressViewController.swift; sourceTree = "<group>"; };
		3748CEF623EDC53D002B8999 /* TabBarViewController.swift */ = {isa = PBXFileReference; lastKnownFileType = sourcecode.swift; path = TabBarViewController.swift; sourceTree = "<group>"; };
		3748CF1A23EDE48C002B8999 /* CloudKit.framework */ = {isa = PBXFileReference; lastKnownFileType = wrapper.framework; name = CloudKit.framework; path = System/Library/Frameworks/CloudKit.framework; sourceTree = SDKROOT; };
		3748CF2023EF194B002B8999 /* Races.swift */ = {isa = PBXFileReference; lastKnownFileType = sourcecode.swift; path = Races.swift; sourceTree = "<group>"; };
		3748CF2223EFE84B002B8999 /* SettingsButton.swift */ = {isa = PBXFileReference; lastKnownFileType = sourcecode.swift; path = SettingsButton.swift; sourceTree = "<group>"; };
		3748CF2423EFEA5D002B8999 /* SettingsCornerBorderRadiusView.swift */ = {isa = PBXFileReference; lastKnownFileType = sourcecode.swift; path = SettingsCornerBorderRadiusView.swift; sourceTree = "<group>"; };
		3748CF4823F06623002B8999 /* VeterinayViewController.swift */ = {isa = PBXFileReference; fileEncoding = 4; lastKnownFileType = sourcecode.swift; path = VeterinayViewController.swift; sourceTree = "<group>"; };
		375317D024ADE60A006B5912 /* GetFirebaseConsultations.swift */ = {isa = PBXFileReference; lastKnownFileType = sourcecode.swift; path = GetFirebaseConsultations.swift; sourceTree = "<group>"; };
		375317D224ADE6E9006B5912 /* ConsultationItem.swift */ = {isa = PBXFileReference; lastKnownFileType = sourcecode.swift; path = ConsultationItem.swift; sourceTree = "<group>"; };
		3755789D24A5DDA200CA1252 /* VaccinesListViewController.swift */ = {isa = PBXFileReference; lastKnownFileType = sourcecode.swift; path = VaccinesListViewController.swift; sourceTree = "<group>"; };
		3755789F24A5E88400CA1252 /* VaccineItem.swift */ = {isa = PBXFileReference; lastKnownFileType = sourcecode.swift; path = VaccineItem.swift; sourceTree = "<group>"; };
		375578A124A625EC00CA1252 /* GetFirebaseVaccines.swift */ = {isa = PBXFileReference; lastKnownFileType = sourcecode.swift; path = GetFirebaseVaccines.swift; sourceTree = "<group>"; };
		3757578E24C87D5D00294274 /* Raleway-Bold.ttf */ = {isa = PBXFileReference; lastKnownFileType = file; name = "Raleway-Bold.ttf"; path = "../../../../../../Desktop/Raleway/Raleway-Bold.ttf"; sourceTree = "<group>"; };
		3757579124C8956F00294274 /* VaccineViewController.swift */ = {isa = PBXFileReference; lastKnownFileType = sourcecode.swift; path = VaccineViewController.swift; sourceTree = "<group>"; };
		3757579324C9B8CE00294274 /* NameOfFirebaseItems.swift */ = {isa = PBXFileReference; lastKnownFileType = sourcecode.swift; path = NameOfFirebaseItems.swift; sourceTree = "<group>"; };
		3757579524CDC7C900294274 /* EventsCalendarManager.swift */ = {isa = PBXFileReference; lastKnownFileType = sourcecode.swift; path = EventsCalendarManager.swift; sourceTree = "<group>"; };
		379AB36224B75B5000C056A1 /* TypeOfCaller.swift */ = {isa = PBXFileReference; lastKnownFileType = sourcecode.swift; path = TypeOfCaller.swift; sourceTree = "<group>"; };
		379AB36624B767BA00C056A1 /* ImagePicker.swift */ = {isa = PBXFileReference; lastKnownFileType = sourcecode.swift; path = ImagePicker.swift; sourceTree = "<group>"; };
		379AB36824B8715200C056A1 /* CalandarVaccines.swift */ = {isa = PBXFileReference; lastKnownFileType = sourcecode.swift; path = CalandarVaccines.swift; sourceTree = "<group>"; };
		379AB36A24B8B2E000C056A1 /* ConsultationViewController.swift */ = {isa = PBXFileReference; lastKnownFileType = sourcecode.swift; path = ConsultationViewController.swift; sourceTree = "<group>"; };
		37A6588D248A86DC0063867C /* PresentPetCell.swift */ = {isa = PBXFileReference; lastKnownFileType = sourcecode.swift; path = PresentPetCell.swift; sourceTree = "<group>"; };
		37A6588F24922C610063867C /* UserUid.swift */ = {isa = PBXFileReference; lastKnownFileType = sourcecode.swift; path = UserUid.swift; sourceTree = "<group>"; };
		37A981DD24A4E26200F491E2 /* Diseases.swift */ = {isa = PBXFileReference; lastKnownFileType = sourcecode.swift; path = Diseases.swift; sourceTree = "<group>"; };
		37C227BD24D06E8C00492C59 /* TypeOfCall.swift */ = {isa = PBXFileReference; lastKnownFileType = sourcecode.swift; path = TypeOfCall.swift; sourceTree = "<group>"; };
		37C227CD24D1D2C700492C59 /* AuthenticationGatewayFirebase.swift */ = {isa = PBXFileReference; lastKnownFileType = sourcecode.swift; path = AuthenticationGatewayFirebase.swift; sourceTree = "<group>"; };
		37C227CF24D1D71900492C59 /* AuthenticationGateway.swift */ = {isa = PBXFileReference; lastKnownFileType = sourcecode.swift; path = AuthenticationGateway.swift; sourceTree = "<group>"; };
		37C227D124D1DB6A00492C59 /* ManagmentUserFirebase.swift */ = {isa = PBXFileReference; lastKnownFileType = sourcecode.swift; path = ManagmentUserFirebase.swift; sourceTree = "<group>"; };
		37C227D324D2BFAB00492C59 /* AuthenticationError.swift */ = {isa = PBXFileReference; lastKnownFileType = sourcecode.swift; path = AuthenticationError.swift; sourceTree = "<group>"; };
		37C227D524D2C08A00492C59 /* AuthenticationErrorValidator.swift */ = {isa = PBXFileReference; lastKnownFileType = sourcecode.swift; path = AuthenticationErrorValidator.swift; sourceTree = "<group>"; };
		37C227D724D2FC0700492C59 /* fr */ = {isa = PBXFileReference; lastKnownFileType = text.plist.strings; name = fr; path = fr.lproj/Main.strings; sourceTree = "<group>"; };
		37C227D824D2FC0800492C59 /* fr */ = {isa = PBXFileReference; lastKnownFileType = text.plist.strings; name = fr; path = fr.lproj/LaunchScreen.strings; sourceTree = "<group>"; };
		37C227D924D3027F00492C59 /* RegisterUserPrsenter.swift */ = {isa = PBXFileReference; lastKnownFileType = sourcecode.swift; path = RegisterUserPrsenter.swift; sourceTree = "<group>"; };
		37CED12923FC112100CF6247 /* UIViewController+Alert.swift */ = {isa = PBXFileReference; lastKnownFileType = sourcecode.swift; path = "UIViewController+Alert.swift"; sourceTree = "<group>"; };
		37CED12B23FC114400CF6247 /* Errors.swift */ = {isa = PBXFileReference; lastKnownFileType = sourcecode.swift; path = Errors.swift; sourceTree = "<group>"; };
		37CED12D23FC154200CF6247 /* Pets.swift */ = {isa = PBXFileReference; lastKnownFileType = sourcecode.swift; path = Pets.swift; sourceTree = "<group>"; };
		37CED13123FD1F0700CF6247 /* GoogleService-Info.plist */ = {isa = PBXFileReference; fileEncoding = 4; lastKnownFileType = text.plist.xml; path = "GoogleService-Info.plist"; sourceTree = "<group>"; };
		37CED13C23FD329500CF6247 /* LoginViewController.swift */ = {isa = PBXFileReference; lastKnownFileType = sourcecode.swift; path = LoginViewController.swift; sourceTree = "<group>"; };
		37D0384824B45D8100449A69 /* Settings.swift */ = {isa = PBXFileReference; lastKnownFileType = sourcecode.swift; path = Settings.swift; sourceTree = "<group>"; };
		37D0384A24B4995D00449A69 /* PresentVaccineDetailCell.swift */ = {isa = PBXFileReference; lastKnownFileType = sourcecode.swift; path = PresentVaccineDetailCell.swift; sourceTree = "<group>"; };
		37D0384C24B4AF6100449A69 /* SelfSizedTableView.swift */ = {isa = PBXFileReference; lastKnownFileType = sourcecode.swift; path = SelfSizedTableView.swift; sourceTree = "<group>"; };
		37DE5AAA2499192C0077FEFB /* ConfirmUpdateViewController.swift */ = {isa = PBXFileReference; lastKnownFileType = sourcecode.swift; path = ConfirmUpdateViewController.swift; sourceTree = "<group>"; };
		37DE5AAC249919AB0077FEFB /* Notification.swift */ = {isa = PBXFileReference; lastKnownFileType = sourcecode.swift; path = Notification.swift; sourceTree = "<group>"; };
		3DE25FB5122F5C1015FB02E6 /* Pods-MDPet-MDPetTests.release.xcconfig */ = {isa = PBXFileReference; includeInIndex = 1; lastKnownFileType = text.xcconfig; name = "Pods-MDPet-MDPetTests.release.xcconfig"; path = "Target Support Files/Pods-MDPet-MDPetTests/Pods-MDPet-MDPetTests.release.xcconfig"; sourceTree = "<group>"; };
		5461D8453E8C939CF7C9CDBE /* Pods-MDPet.release.xcconfig */ = {isa = PBXFileReference; includeInIndex = 1; lastKnownFileType = text.xcconfig; name = "Pods-MDPet.release.xcconfig"; path = "Target Support Files/Pods-MDPet/Pods-MDPet.release.xcconfig"; sourceTree = "<group>"; };
		AED4F1223DC9D341AEFA3DAC /* Pods_MDPet.framework */ = {isa = PBXFileReference; explicitFileType = wrapper.framework; includeInIndex = 0; path = Pods_MDPet.framework; sourceTree = BUILT_PRODUCTS_DIR; };
		B6F85B532D5278025591B2BB /* Pods-MDPet-MDPetTests.debug.xcconfig */ = {isa = PBXFileReference; includeInIndex = 1; lastKnownFileType = text.xcconfig; name = "Pods-MDPet-MDPetTests.debug.xcconfig"; path = "Target Support Files/Pods-MDPet-MDPetTests/Pods-MDPet-MDPetTests.debug.xcconfig"; sourceTree = "<group>"; };
		B7C5F9DD6581DA0799B6F075 /* Pods-MDPet.debug.xcconfig */ = {isa = PBXFileReference; includeInIndex = 1; lastKnownFileType = text.xcconfig; name = "Pods-MDPet.debug.xcconfig"; path = "Target Support Files/Pods-MDPet/Pods-MDPet.debug.xcconfig"; sourceTree = "<group>"; };
		BC151D98E87455C2F561A68D /* Pods_MDPet_MDPetTests.framework */ = {isa = PBXFileReference; explicitFileType = wrapper.framework; includeInIndex = 0; path = Pods_MDPet_MDPetTests.framework; sourceTree = BUILT_PRODUCTS_DIR; };
/* End PBXFileReference section */

/* Begin PBXFrameworksBuildPhase section */
		3715EABC239188E800CAA9E7 /* Frameworks */ = {
			isa = PBXFrameworksBuildPhase;
			buildActionMask = 2147483647;
			files = (
				3748CF1B23EDE48C002B8999 /* CloudKit.framework in Frameworks */,
				63648A39CE01CAD4FAFD4A5F /* Pods_MDPet.framework in Frameworks */,
			);
			runOnlyForDeploymentPostprocessing = 0;
		};
		3715EAD5239188E900CAA9E7 /* Frameworks */ = {
			isa = PBXFrameworksBuildPhase;
			buildActionMask = 2147483647;
			files = (
				BDD2E22FE5EA215B145C5863 /* Pods_MDPet_MDPetTests.framework in Frameworks */,
			);
			runOnlyForDeploymentPostprocessing = 0;
		};
/* End PBXFrameworksBuildPhase section */

/* Begin PBXGroup section */
		07D3BAA5816D9D44E1EEDCD8 /* Frameworks */ = {
			isa = PBXGroup;
			children = (
				3748CF1A23EDE48C002B8999 /* CloudKit.framework */,
				AED4F1223DC9D341AEFA3DAC /* Pods_MDPet.framework */,
				BC151D98E87455C2F561A68D /* Pods_MDPet_MDPetTests.framework */,
			);
			name = Frameworks;
			sourceTree = "<group>";
		};
		3715EAB6239188E800CAA9E7 = {
			isa = PBXGroup;
			children = (
				3715EAC1239188E800CAA9E7 /* MDPet */,
				3715EADB239188E900CAA9E7 /* MDPetTests */,
				3715EAC0239188E800CAA9E7 /* Products */,
				8D4C012181DFEEA986A64931 /* Pods */,
				07D3BAA5816D9D44E1EEDCD8 /* Frameworks */,
			);
			sourceTree = "<group>";
		};
		3715EAC0239188E800CAA9E7 /* Products */ = {
			isa = PBXGroup;
			children = (
				3715EABF239188E800CAA9E7 /* MDPet.app */,
				3715EAD8239188E900CAA9E7 /* MDPetTests.xctest */,
			);
			name = Products;
			sourceTree = "<group>";
		};
		3715EAC1239188E800CAA9E7 /* MDPet */ = {
			isa = PBXGroup;
			children = (
				37CED13123FD1F0700CF6247 /* GoogleService-Info.plist */,
				37A65888248A7E8C0063867C /* Login+Settings */,
				37A65880248A7A650063867C /* Veterinaries */,
				37A6587F248A7A5A0063867C /* Pets */,
				372CEF70249B6879002AEAF5 /* Vaccines */,
				372CEF74249B68FA002AEAF5 /* Consultations */,
				37A6587D248A7A1F0063867C /* Main */,
				37CED13823FD1FAA00CF6247 /* Supporting Files */,
			);
			path = MDPet;
			sourceTree = "<group>";
		};
		3715EADB239188E900CAA9E7 /* MDPetTests */ = {
			isa = PBXGroup;
			children = (
				3715EADC239188E900CAA9E7 /* MDPetTests.swift */,
				3715EADE239188E900CAA9E7 /* Info.plist */,
			);
			path = MDPetTests;
			sourceTree = "<group>";
		};
		372CEF70249B6879002AEAF5 /* Vaccines */ = {
			isa = PBXGroup;
			children = (
				372CEFBB249FD00B002AEAF5 /* Model */,
				372CEFBA249FD002002AEAF5 /* View */,
				372CEF73249B68EB002AEAF5 /* Controller */,
			);
			path = Vaccines;
			sourceTree = "<group>";
		};
		372CEF73249B68EB002AEAF5 /* Controller */ = {
			isa = PBXGroup;
			children = (
				3755789D24A5DDA200CA1252 /* VaccinesListViewController.swift */,
				37D0384C24B4AF6100449A69 /* SelfSizedTableView.swift */,
				3757579124C8956F00294274 /* VaccineViewController.swift */,
			);
			path = Controller;
			sourceTree = "<group>";
		};
		372CEF74249B68FA002AEAF5 /* Consultations */ = {
			isa = PBXGroup;
			children = (
				372CEFBD249FD01C002AEAF5 /* Model */,
				372CEFBC249FD015002AEAF5 /* View */,
				372CEF75249B6917002AEAF5 /* Controller */,
			);
			path = Consultations;
			sourceTree = "<group>";
		};
		372CEF75249B6917002AEAF5 /* Controller */ = {
			isa = PBXGroup;
			children = (
				372CEF76249B692F002AEAF5 /* ConsultationsListViewController.swift */,
				379AB36A24B8B2E000C056A1 /* ConsultationViewController.swift */,
				3757579524CDC7C900294274 /* EventsCalendarManager.swift */,
			);
			path = Controller;
			sourceTree = "<group>";
		};
		372CEFBA249FD002002AEAF5 /* View */ = {
			isa = PBXGroup;
			children = (
				372CEFC0249FD07D002AEAF5 /* PresentVaccineCell.swift */,
				37D0384A24B4995D00449A69 /* PresentVaccineDetailCell.swift */,
			);
			path = View;
			sourceTree = "<group>";
		};
		372CEFBB249FD00B002AEAF5 /* Model */ = {
			isa = PBXGroup;
			children = (
				37A981DD24A4E26200F491E2 /* Diseases.swift */,
				3755789F24A5E88400CA1252 /* VaccineItem.swift */,
				379AB36824B8715200C056A1 /* CalandarVaccines.swift */,
			);
			path = Model;
			sourceTree = "<group>";
		};
		372CEFBC249FD015002AEAF5 /* View */ = {
			isa = PBXGroup;
			children = (
				372CEFBE249FD036002AEAF5 /* PresentConsultationCell.swift */,
			);
			path = View;
			sourceTree = "<group>";
		};
		372CEFBD249FD01C002AEAF5 /* Model */ = {
			isa = PBXGroup;
			children = (
				375317D224ADE6E9006B5912 /* ConsultationItem.swift */,
			);
			path = Model;
			sourceTree = "<group>";
		};
		37A6587D248A7A1F0063867C /* Main */ = {
			isa = PBXGroup;
			children = (
				37A65887248A7E6B0063867C /* Model */,
				37A6587E248A7A390063867C /* View */,
				37CED13723FD1F9000CF6247 /* Controller */,
			);
			path = Main;
			sourceTree = "<group>";
		};
		37A6587E248A7A390063867C /* View */ = {
			isa = PBXGroup;
			children = (
				3748CF2423EFEA5D002B8999 /* SettingsCornerBorderRadiusView.swift */,
				3748CF2223EFE84B002B8999 /* SettingsButton.swift */,
				3715EAC8239188E800CAA9E7 /* Main.storyboard */,
			);
			path = View;
			sourceTree = "<group>";
		};
		37A6587F248A7A5A0063867C /* Pets */ = {
			isa = PBXGroup;
			children = (
				37A65883248A7A7F0063867C /* Model */,
				37A65882248A7A780063867C /* View */,
				37A65881248A7A6F0063867C /* Controller */,
			);
			path = Pets;
			sourceTree = "<group>";
		};
		37A65880248A7A650063867C /* Veterinaries */ = {
			isa = PBXGroup;
			children = (
				37A65886248A7ABF0063867C /* Model */,
				37A65885248A7AB90063867C /* View */,
				37A65884248A7AB10063867C /* Controller */,
			);
			path = Veterinaries;
			sourceTree = "<group>";
		};
		37A65881248A7A6F0063867C /* Controller */ = {
			isa = PBXGroup;
			children = (
				372CFFCB248682FA00984537 /* PetsListTableViewController.swift */,
				372CEF78249BA8AA002AEAF5 /* PetViewController.swift */,
				3741A19324979D3000E3D858 /* ConfirmPetSuppressViewController.swift */,
			);
			path = Controller;
			sourceTree = "<group>";
		};
		37A65882248A7A780063867C /* View */ = {
			isa = PBXGroup;
			children = (
				37A6588D248A86DC0063867C /* PresentPetCell.swift */,
			);
			path = View;
			sourceTree = "<group>";
		};
		37A65883248A7A7F0063867C /* Model */ = {
			isa = PBXGroup;
			children = (
				3748CF2023EF194B002B8999 /* Races.swift */,
				37CED12D23FC154200CF6247 /* Pets.swift */,
				372CFFCD2486839200984537 /* PetItem.swift */,
			);
			path = Model;
			sourceTree = "<group>";
		};
		37A65884248A7AB10063867C /* Controller */ = {
			isa = PBXGroup;
			children = (
				372CFFD12486856100984537 /* VeterinariesListTableViewController.swift */,
				3748CF4823F06623002B8999 /* VeterinayViewController.swift */,
				3741A191249778E000E3D858 /* ConfirmVeterinarySuppressViewController.swift */,
			);
			path = Controller;
			sourceTree = "<group>";
		};
		37A65885248A7AB90063867C /* View */ = {
			isa = PBXGroup;
			children = (
				3741A1892493B3AB00E3D858 /* PresentVeterinaryCell.swift */,
			);
			path = View;
			sourceTree = "<group>";
		};
		37A65886248A7ABF0063867C /* Model */ = {
			isa = PBXGroup;
			children = (
				372CFFD52486A72400984537 /* VeterinaryItem.swift */,
			);
			path = Model;
			sourceTree = "<group>";
		};
		37A65887248A7E6B0063867C /* Model */ = {
			isa = PBXGroup;
			children = (
				3741A18D2495F22A00E3D858 /* GetFirebasePicture.swift */,
				372CEFC224A3578B002AEAF5 /* GetFirebaseVeterinaries.swift */,
				372CEFC424A386D1002AEAF5 /* GetFirebasePets.swift */,
				375578A124A625EC00CA1252 /* GetFirebaseVaccines.swift */,
				375317D024ADE60A006B5912 /* GetFirebaseConsultations.swift */,
				379AB36224B75B5000C056A1 /* TypeOfCaller.swift */,
				37C227BD24D06E8C00492C59 /* TypeOfCall.swift */,
				3757579324C9B8CE00294274 /* NameOfFirebaseItems.swift */,
			);
			path = Model;
			sourceTree = "<group>";
		};
		37A65888248A7E8C0063867C /* Login+Settings */ = {
			isa = PBXGroup;
			children = (
				37A6588C248A7F070063867C /* Model */,
				37A65889248A7E990063867C /* Controller */,
			);
			path = "Login+Settings";
			sourceTree = "<group>";
		};
		37A65889248A7E990063867C /* Controller */ = {
			isa = PBXGroup;
			children = (
				37CED13C23FD329500CF6247 /* LoginViewController.swift */,
				372CFFC9248676B600984537 /* SettingsViewController.swift */,
				37C227D124D1DB6A00492C59 /* ManagmentUserFirebase.swift */,
				37C227D324D2BFAB00492C59 /* AuthenticationError.swift */,
				37C227D524D2C08A00492C59 /* AuthenticationErrorValidator.swift */,
				37C227D924D3027F00492C59 /* RegisterUserPrsenter.swift */,
			);
			path = Controller;
			sourceTree = "<group>";
		};
		37A6588C248A7F070063867C /* Model */ = {
			isa = PBXGroup;
			children = (
				372CFFD32486A2A400984537 /* User.swift */,
				37A6588F24922C610063867C /* UserUid.swift */,
				37D0384824B45D8100449A69 /* Settings.swift */,
				37C227CD24D1D2C700492C59 /* AuthenticationGatewayFirebase.swift */,
				37C227CF24D1D71900492C59 /* AuthenticationGateway.swift */,
			);
			path = Model;
			sourceTree = "<group>";
		};
		37CED13723FD1F9000CF6247 /* Controller */ = {
			isa = PBXGroup;
			children = (
				37DE5AAA2499192C0077FEFB /* ConfirmUpdateViewController.swift */,
				37DE5AAC249919AB0077FEFB /* Notification.swift */,
				3748CEF623EDC53D002B8999 /* TabBarViewController.swift */,
				37CED12923FC112100CF6247 /* UIViewController+Alert.swift */,
				37CED12B23FC114400CF6247 /* Errors.swift */,
				379AB36624B767BA00C056A1 /* ImagePicker.swift */,
			);
			path = Controller;
			sourceTree = "<group>";
		};
		37CED13823FD1FAA00CF6247 /* Supporting Files */ = {
			isa = PBXGroup;
			children = (
				3715EAD3239188E800CAA9E7 /* Info.plist */,
				3715EAD0239188E800CAA9E7 /* LaunchScreen.storyboard */,
				3715EAC2239188E800CAA9E7 /* AppDelegate.swift */,
				3715EACE239188E800CAA9E7 /* Assets.xcassets */,
				3757578E24C87D5D00294274 /* Raleway-Bold.ttf */,
				37130ECB24A62D3F007E7151 /* Raleway-Medium.ttf */,
			);
			path = "Supporting Files";
			sourceTree = "<group>";
		};
		8D4C012181DFEEA986A64931 /* Pods */ = {
			isa = PBXGroup;
			children = (
				B7C5F9DD6581DA0799B6F075 /* Pods-MDPet.debug.xcconfig */,
				5461D8453E8C939CF7C9CDBE /* Pods-MDPet.release.xcconfig */,
				B6F85B532D5278025591B2BB /* Pods-MDPet-MDPetTests.debug.xcconfig */,
				3DE25FB5122F5C1015FB02E6 /* Pods-MDPet-MDPetTests.release.xcconfig */,
			);
			path = Pods;
			sourceTree = "<group>";
		};
/* End PBXGroup section */

/* Begin PBXNativeTarget section */
		3715EABE239188E800CAA9E7 /* MDPet */ = {
			isa = PBXNativeTarget;
			buildConfigurationList = 3715EAE1239188E900CAA9E7 /* Build configuration list for PBXNativeTarget "MDPet" */;
			buildPhases = (
				ABEA4854FAE02257CA6FA760 /* [CP] Check Pods Manifest.lock */,
				3715EABB239188E800CAA9E7 /* Sources */,
				3715EABC239188E800CAA9E7 /* Frameworks */,
				3715EABD239188E800CAA9E7 /* Resources */,
				3715EAEB23918A8E00CAA9E7 /* ShellScript */,
				2CFCD4BC0DF293BE04608A40 /* [CP] Embed Pods Frameworks */,
			);
			buildRules = (
			);
			dependencies = (
			);
			name = MDPet;
			productName = MDPet;
			productReference = 3715EABF239188E800CAA9E7 /* MDPet.app */;
			productType = "com.apple.product-type.application";
		};
		3715EAD7239188E900CAA9E7 /* MDPetTests */ = {
			isa = PBXNativeTarget;
			buildConfigurationList = 3715EAE4239188E900CAA9E7 /* Build configuration list for PBXNativeTarget "MDPetTests" */;
			buildPhases = (
				392644670DC9E48F7913CF84 /* [CP] Check Pods Manifest.lock */,
				3715EAD4239188E900CAA9E7 /* Sources */,
				3715EAD5239188E900CAA9E7 /* Frameworks */,
				3715EAD6239188E900CAA9E7 /* Resources */,
				42672C8F70446963C2FDA41A /* [CP] Embed Pods Frameworks */,
			);
			buildRules = (
			);
			dependencies = (
				3715EADA239188E900CAA9E7 /* PBXTargetDependency */,
			);
			name = MDPetTests;
			productName = MDPetTests;
			productReference = 3715EAD8239188E900CAA9E7 /* MDPetTests.xctest */;
			productType = "com.apple.product-type.bundle.unit-test";
		};
/* End PBXNativeTarget section */

/* Begin PBXProject section */
		3715EAB7239188E800CAA9E7 /* Project object */ = {
			isa = PBXProject;
			attributes = {
				LastSwiftUpdateCheck = 1120;
				LastUpgradeCheck = 1120;
				ORGANIZATIONNAME = Philippe;
				TargetAttributes = {
					3715EABE239188E800CAA9E7 = {
						CreatedOnToolsVersion = 11.2.1;
					};
					3715EAD7239188E900CAA9E7 = {
						CreatedOnToolsVersion = 11.2.1;
						TestTargetID = 3715EABE239188E800CAA9E7;
					};
				};
			};
			buildConfigurationList = 3715EABA239188E800CAA9E7 /* Build configuration list for PBXProject "MDPet" */;
			compatibilityVersion = "Xcode 11.0";
			developmentRegion = en;
			hasScannedForEncodings = 0;
			knownRegions = (
				en,
				Base,
				fr,
			);
			mainGroup = 3715EAB6239188E800CAA9E7;
			productRefGroup = 3715EAC0239188E800CAA9E7 /* Products */;
			projectDirPath = "";
			projectRoot = "";
			targets = (
				3715EABE239188E800CAA9E7 /* MDPet */,
				3715EAD7239188E900CAA9E7 /* MDPetTests */,
			);
		};
/* End PBXProject section */

/* Begin PBXResourcesBuildPhase section */
		3715EABD239188E800CAA9E7 /* Resources */ = {
			isa = PBXResourcesBuildPhase;
			buildActionMask = 2147483647;
			files = (
				3715EAD2239188E800CAA9E7 /* LaunchScreen.storyboard in Resources */,
				37CED13223FD1F0700CF6247 /* GoogleService-Info.plist in Resources */,
				37130ECC24A62D3F007E7151 /* Raleway-Medium.ttf in Resources */,
				3715EACF239188E800CAA9E7 /* Assets.xcassets in Resources */,
				3715EACA239188E800CAA9E7 /* Main.storyboard in Resources */,
			);
			runOnlyForDeploymentPostprocessing = 0;
		};
		3715EAD6239188E900CAA9E7 /* Resources */ = {
			isa = PBXResourcesBuildPhase;
			buildActionMask = 2147483647;
			files = (
			);
			runOnlyForDeploymentPostprocessing = 0;
		};
/* End PBXResourcesBuildPhase section */

/* Begin PBXShellScriptBuildPhase section */
		2CFCD4BC0DF293BE04608A40 /* [CP] Embed Pods Frameworks */ = {
			isa = PBXShellScriptBuildPhase;
			buildActionMask = 2147483647;
			files = (
			);
			inputFileListPaths = (
				"${PODS_ROOT}/Target Support Files/Pods-MDPet/Pods-MDPet-frameworks-${CONFIGURATION}-input-files.xcfilelist",
			);
			name = "[CP] Embed Pods Frameworks";
			outputFileListPaths = (
				"${PODS_ROOT}/Target Support Files/Pods-MDPet/Pods-MDPet-frameworks-${CONFIGURATION}-output-files.xcfilelist",
			);
			runOnlyForDeploymentPostprocessing = 0;
			shellPath = /bin/sh;
			shellScript = "\"${PODS_ROOT}/Target Support Files/Pods-MDPet/Pods-MDPet-frameworks.sh\"\n";
			showEnvVarsInLog = 0;
		};
		3715EAEB23918A8E00CAA9E7 /* ShellScript */ = {
			isa = PBXShellScriptBuildPhase;
			buildActionMask = 2147483647;
			files = (
			);
			inputFileListPaths = (
			);
			inputPaths = (
			);
			outputFileListPaths = (
			);
			outputPaths = (
			);
			runOnlyForDeploymentPostprocessing = 0;
			shellPath = /bin/sh;
			shellScript = "if which swiftlint >/dev/null; then\n  swiftlint\nelse\n  echo \"warning: SwiftLint not installed, download from https://github.com/realm/SwiftLint\"\nfi\n";
		};
		392644670DC9E48F7913CF84 /* [CP] Check Pods Manifest.lock */ = {
			isa = PBXShellScriptBuildPhase;
			buildActionMask = 2147483647;
			files = (
			);
			inputFileListPaths = (
			);
			inputPaths = (
				"${PODS_PODFILE_DIR_PATH}/Podfile.lock",
				"${PODS_ROOT}/Manifest.lock",
			);
			name = "[CP] Check Pods Manifest.lock";
			outputFileListPaths = (
			);
			outputPaths = (
				"$(DERIVED_FILE_DIR)/Pods-MDPet-MDPetTests-checkManifestLockResult.txt",
			);
			runOnlyForDeploymentPostprocessing = 0;
			shellPath = /bin/sh;
			shellScript = "diff \"${PODS_PODFILE_DIR_PATH}/Podfile.lock\" \"${PODS_ROOT}/Manifest.lock\" > /dev/null\nif [ $? != 0 ] ; then\n    # print error to STDERR\n    echo \"error: The sandbox is not in sync with the Podfile.lock. Run 'pod install' or update your CocoaPods installation.\" >&2\n    exit 1\nfi\n# This output is used by Xcode 'outputs' to avoid re-running this script phase.\necho \"SUCCESS\" > \"${SCRIPT_OUTPUT_FILE_0}\"\n";
			showEnvVarsInLog = 0;
		};
		42672C8F70446963C2FDA41A /* [CP] Embed Pods Frameworks */ = {
			isa = PBXShellScriptBuildPhase;
			buildActionMask = 2147483647;
			files = (
			);
			inputFileListPaths = (
				"${PODS_ROOT}/Target Support Files/Pods-MDPet-MDPetTests/Pods-MDPet-MDPetTests-frameworks-${CONFIGURATION}-input-files.xcfilelist",
			);
			name = "[CP] Embed Pods Frameworks";
			outputFileListPaths = (
				"${PODS_ROOT}/Target Support Files/Pods-MDPet-MDPetTests/Pods-MDPet-MDPetTests-frameworks-${CONFIGURATION}-output-files.xcfilelist",
			);
			runOnlyForDeploymentPostprocessing = 0;
			shellPath = /bin/sh;
			shellScript = "\"${PODS_ROOT}/Target Support Files/Pods-MDPet-MDPetTests/Pods-MDPet-MDPetTests-frameworks.sh\"\n";
			showEnvVarsInLog = 0;
		};
		ABEA4854FAE02257CA6FA760 /* [CP] Check Pods Manifest.lock */ = {
			isa = PBXShellScriptBuildPhase;
			buildActionMask = 2147483647;
			files = (
			);
			inputFileListPaths = (
			);
			inputPaths = (
				"${PODS_PODFILE_DIR_PATH}/Podfile.lock",
				"${PODS_ROOT}/Manifest.lock",
			);
			name = "[CP] Check Pods Manifest.lock";
			outputFileListPaths = (
			);
			outputPaths = (
				"$(DERIVED_FILE_DIR)/Pods-MDPet-checkManifestLockResult.txt",
			);
			runOnlyForDeploymentPostprocessing = 0;
			shellPath = /bin/sh;
			shellScript = "diff \"${PODS_PODFILE_DIR_PATH}/Podfile.lock\" \"${PODS_ROOT}/Manifest.lock\" > /dev/null\nif [ $? != 0 ] ; then\n    # print error to STDERR\n    echo \"error: The sandbox is not in sync with the Podfile.lock. Run 'pod install' or update your CocoaPods installation.\" >&2\n    exit 1\nfi\n# This output is used by Xcode 'outputs' to avoid re-running this script phase.\necho \"SUCCESS\" > \"${SCRIPT_OUTPUT_FILE_0}\"\n";
			showEnvVarsInLog = 0;
		};
/* End PBXShellScriptBuildPhase section */

/* Begin PBXSourcesBuildPhase section */
		3715EABB239188E800CAA9E7 /* Sources */ = {
			isa = PBXSourcesBuildPhase;
			buildActionMask = 2147483647;
			files = (
				3741A18A2493B3AB00E3D858 /* PresentVeterinaryCell.swift in Sources */,
				37CED13D23FD329500CF6247 /* LoginViewController.swift in Sources */,
				37CED12A23FC112100CF6247 /* UIViewController+Alert.swift in Sources */,
				3741A192249778E000E3D858 /* ConfirmVeterinarySuppressViewController.swift in Sources */,
				37C227DA24D3027F00492C59 /* RegisterUserPrsenter.swift in Sources */,
				3748CF2323EFE84B002B8999 /* SettingsButton.swift in Sources */,
				3748CEF723EDC53D002B8999 /* TabBarViewController.swift in Sources */,
				3748CF4923F06623002B8999 /* VeterinayViewController.swift in Sources */,
				3748CF2123EF194B002B8999 /* Races.swift in Sources */,
				372CEFC1249FD07D002AEAF5 /* PresentVaccineCell.swift in Sources */,
				37C227CE24D1D2C700492C59 /* AuthenticationGatewayFirebase.swift in Sources */,
				372CEFC524A386D2002AEAF5 /* GetFirebasePets.swift in Sources */,
				37D0384B24B4995D00449A69 /* PresentVaccineDetailCell.swift in Sources */,
				37D0384D24B4AF6100449A69 /* SelfSizedTableView.swift in Sources */,
				37C227D424D2BFAB00492C59 /* AuthenticationError.swift in Sources */,
				37A981DE24A4E26200F491E2 /* Diseases.swift in Sources */,
				375317D324ADE6E9006B5912 /* ConsultationItem.swift in Sources */,
				37A6588E248A86DC0063867C /* PresentPetCell.swift in Sources */,
				37C227D624D2C08A00492C59 /* AuthenticationErrorValidator.swift in Sources */,
				37C227D024D1D71900492C59 /* AuthenticationGateway.swift in Sources */,
				372CEFC324A3578C002AEAF5 /* GetFirebaseVeterinaries.swift in Sources */,
				372CFFD42486A2A400984537 /* User.swift in Sources */,
				37A6589024922C610063867C /* UserUid.swift in Sources */,
				379AB36324B75B5000C056A1 /* TypeOfCaller.swift in Sources */,
				3741A19424979D3000E3D858 /* ConfirmPetSuppressViewController.swift in Sources */,
				379AB36B24B8B2E000C056A1 /* ConsultationViewController.swift in Sources */,
				372CEFBF249FD036002AEAF5 /* PresentConsultationCell.swift in Sources */,
				372CFFCE2486839200984537 /* PetItem.swift in Sources */,
				372CEF79249BA8AA002AEAF5 /* PetViewController.swift in Sources */,
				37DE5AAB2499192C0077FEFB /* ConfirmUpdateViewController.swift in Sources */,
				372CFFD22486856100984537 /* VeterinariesListTableViewController.swift in Sources */,
				372CFFCC248682FA00984537 /* PetsListTableViewController.swift in Sources */,
				372CEF77249B692F002AEAF5 /* ConsultationsListViewController.swift in Sources */,
				3757579224C8956F00294274 /* VaccineViewController.swift in Sources */,
				37C227BE24D06E8C00492C59 /* TypeOfCall.swift in Sources */,
				3757579624CDC7C900294274 /* EventsCalendarManager.swift in Sources */,
				37CED12C23FC114400CF6247 /* Errors.swift in Sources */,
				3757579424C9B8CE00294274 /* NameOfFirebaseItems.swift in Sources */,
				3748CF2523EFEA5D002B8999 /* SettingsCornerBorderRadiusView.swift in Sources */,
				37C227D224D1DB6A00492C59 /* ManagmentUserFirebase.swift in Sources */,
				379AB36724B767BA00C056A1 /* ImagePicker.swift in Sources */,
				3755789E24A5DDA200CA1252 /* VaccinesListViewController.swift in Sources */,
				375578A024A5E88400CA1252 /* VaccineItem.swift in Sources */,
				379AB36924B8715200C056A1 /* CalandarVaccines.swift in Sources */,
				375578A224A625EC00CA1252 /* GetFirebaseVaccines.swift in Sources */,
				375317D124ADE60A006B5912 /* GetFirebaseConsultations.swift in Sources */,
				372CFFCA248676B600984537 /* SettingsViewController.swift in Sources */,
				3741A18E2495F22A00E3D858 /* GetFirebasePicture.swift in Sources */,
				372CFFD62486A72400984537 /* VeterinaryItem.swift in Sources */,
				37DE5AAD249919AB0077FEFB /* Notification.swift in Sources */,
				3715EAC3239188E800CAA9E7 /* AppDelegate.swift in Sources */,
				37D0384924B45D8100449A69 /* Settings.swift in Sources */,
				37CED12E23FC154200CF6247 /* Pets.swift in Sources */,
			);
			runOnlyForDeploymentPostprocessing = 0;
		};
		3715EAD4239188E900CAA9E7 /* Sources */ = {
			isa = PBXSourcesBuildPhase;
			buildActionMask = 2147483647;
			files = (
				3715EADD239188E900CAA9E7 /* MDPetTests.swift in Sources */,
			);
			runOnlyForDeploymentPostprocessing = 0;
		};
/* End PBXSourcesBuildPhase section */

/* Begin PBXTargetDependency section */
		3715EADA239188E900CAA9E7 /* PBXTargetDependency */ = {
			isa = PBXTargetDependency;
			target = 3715EABE239188E800CAA9E7 /* MDPet */;
			targetProxy = 3715EAD9239188E900CAA9E7 /* PBXContainerItemProxy */;
		};
/* End PBXTargetDependency section */

/* Begin PBXVariantGroup section */
		3715EAC8239188E800CAA9E7 /* Main.storyboard */ = {
			isa = PBXVariantGroup;
			children = (
				3715EAC9239188E800CAA9E7 /* Base */,
				37C227D724D2FC0700492C59 /* fr */,
			);
			name = Main.storyboard;
			sourceTree = "<group>";
		};
		3715EAD0239188E800CAA9E7 /* LaunchScreen.storyboard */ = {
			isa = PBXVariantGroup;
			children = (
				3715EAD1239188E800CAA9E7 /* Base */,
				37C227D824D2FC0800492C59 /* fr */,
			);
			name = LaunchScreen.storyboard;
			sourceTree = "<group>";
		};
/* End PBXVariantGroup section */

/* Begin XCBuildConfiguration section */
		3715EADF239188E900CAA9E7 /* Debug */ = {
			isa = XCBuildConfiguration;
			buildSettings = {
				ALWAYS_SEARCH_USER_PATHS = NO;
				CLANG_ANALYZER_LOCALIZABILITY_NONLOCALIZED = YES;
				CLANG_ANALYZER_NONNULL = YES;
				CLANG_ANALYZER_NUMBER_OBJECT_CONVERSION = YES_AGGRESSIVE;
				CLANG_CXX_LANGUAGE_STANDARD = "gnu++14";
				CLANG_CXX_LIBRARY = "libc++";
				CLANG_ENABLE_MODULES = YES;
				CLANG_ENABLE_OBJC_ARC = YES;
				CLANG_ENABLE_OBJC_WEAK = YES;
				CLANG_WARN_BLOCK_CAPTURE_AUTORELEASING = YES;
				CLANG_WARN_BOOL_CONVERSION = YES;
				CLANG_WARN_COMMA = YES;
				CLANG_WARN_CONSTANT_CONVERSION = YES;
				CLANG_WARN_DEPRECATED_OBJC_IMPLEMENTATIONS = YES;
				CLANG_WARN_DIRECT_OBJC_ISA_USAGE = YES_ERROR;
				CLANG_WARN_DOCUMENTATION_COMMENTS = YES;
				CLANG_WARN_EMPTY_BODY = YES;
				CLANG_WARN_ENUM_CONVERSION = YES;
				CLANG_WARN_INFINITE_RECURSION = YES;
				CLANG_WARN_INT_CONVERSION = YES;
				CLANG_WARN_NON_LITERAL_NULL_CONVERSION = YES;
				CLANG_WARN_OBJC_IMPLICIT_RETAIN_SELF = YES;
				CLANG_WARN_OBJC_LITERAL_CONVERSION = YES;
				CLANG_WARN_OBJC_ROOT_CLASS = YES_ERROR;
				CLANG_WARN_RANGE_LOOP_ANALYSIS = YES;
				CLANG_WARN_STRICT_PROTOTYPES = YES;
				CLANG_WARN_SUSPICIOUS_MOVE = YES;
				CLANG_WARN_UNGUARDED_AVAILABILITY = YES_AGGRESSIVE;
				CLANG_WARN_UNREACHABLE_CODE = YES;
				CLANG_WARN__DUPLICATE_METHOD_MATCH = YES;
				COPY_PHASE_STRIP = NO;
				DEBUG_INFORMATION_FORMAT = dwarf;
				ENABLE_STRICT_OBJC_MSGSEND = YES;
				ENABLE_TESTABILITY = YES;
				GCC_C_LANGUAGE_STANDARD = gnu11;
				GCC_DYNAMIC_NO_PIC = NO;
				GCC_NO_COMMON_BLOCKS = YES;
				GCC_OPTIMIZATION_LEVEL = 0;
				GCC_PREPROCESSOR_DEFINITIONS = (
					"DEBUG=1",
					"$(inherited)",
				);
				GCC_WARN_64_TO_32_BIT_CONVERSION = YES;
				GCC_WARN_ABOUT_RETURN_TYPE = YES_ERROR;
				GCC_WARN_UNDECLARED_SELECTOR = YES;
				GCC_WARN_UNINITIALIZED_AUTOS = YES_AGGRESSIVE;
				GCC_WARN_UNUSED_FUNCTION = YES;
				GCC_WARN_UNUSED_VARIABLE = YES;
				IPHONEOS_DEPLOYMENT_TARGET = 11.0;
				MTL_ENABLE_DEBUG_INFO = INCLUDE_SOURCE;
				MTL_FAST_MATH = YES;
				ONLY_ACTIVE_ARCH = YES;
				SDKROOT = iphoneos;
				SWIFT_ACTIVE_COMPILATION_CONDITIONS = DEBUG;
				SWIFT_OPTIMIZATION_LEVEL = "-Onone";
			};
			name = Debug;
		};
		3715EAE0239188E900CAA9E7 /* Release */ = {
			isa = XCBuildConfiguration;
			buildSettings = {
				ALWAYS_SEARCH_USER_PATHS = NO;
				CLANG_ANALYZER_LOCALIZABILITY_NONLOCALIZED = YES;
				CLANG_ANALYZER_NONNULL = YES;
				CLANG_ANALYZER_NUMBER_OBJECT_CONVERSION = YES_AGGRESSIVE;
				CLANG_CXX_LANGUAGE_STANDARD = "gnu++14";
				CLANG_CXX_LIBRARY = "libc++";
				CLANG_ENABLE_MODULES = YES;
				CLANG_ENABLE_OBJC_ARC = YES;
				CLANG_ENABLE_OBJC_WEAK = YES;
				CLANG_WARN_BLOCK_CAPTURE_AUTORELEASING = YES;
				CLANG_WARN_BOOL_CONVERSION = YES;
				CLANG_WARN_COMMA = YES;
				CLANG_WARN_CONSTANT_CONVERSION = YES;
				CLANG_WARN_DEPRECATED_OBJC_IMPLEMENTATIONS = YES;
				CLANG_WARN_DIRECT_OBJC_ISA_USAGE = YES_ERROR;
				CLANG_WARN_DOCUMENTATION_COMMENTS = YES;
				CLANG_WARN_EMPTY_BODY = YES;
				CLANG_WARN_ENUM_CONVERSION = YES;
				CLANG_WARN_INFINITE_RECURSION = YES;
				CLANG_WARN_INT_CONVERSION = YES;
				CLANG_WARN_NON_LITERAL_NULL_CONVERSION = YES;
				CLANG_WARN_OBJC_IMPLICIT_RETAIN_SELF = YES;
				CLANG_WARN_OBJC_LITERAL_CONVERSION = YES;
				CLANG_WARN_OBJC_ROOT_CLASS = YES_ERROR;
				CLANG_WARN_RANGE_LOOP_ANALYSIS = YES;
				CLANG_WARN_STRICT_PROTOTYPES = YES;
				CLANG_WARN_SUSPICIOUS_MOVE = YES;
				CLANG_WARN_UNGUARDED_AVAILABILITY = YES_AGGRESSIVE;
				CLANG_WARN_UNREACHABLE_CODE = YES;
				CLANG_WARN__DUPLICATE_METHOD_MATCH = YES;
				COPY_PHASE_STRIP = NO;
				DEBUG_INFORMATION_FORMAT = "dwarf-with-dsym";
				ENABLE_NS_ASSERTIONS = NO;
				ENABLE_STRICT_OBJC_MSGSEND = YES;
				GCC_C_LANGUAGE_STANDARD = gnu11;
				GCC_NO_COMMON_BLOCKS = YES;
				GCC_WARN_64_TO_32_BIT_CONVERSION = YES;
				GCC_WARN_ABOUT_RETURN_TYPE = YES_ERROR;
				GCC_WARN_UNDECLARED_SELECTOR = YES;
				GCC_WARN_UNINITIALIZED_AUTOS = YES_AGGRESSIVE;
				GCC_WARN_UNUSED_FUNCTION = YES;
				GCC_WARN_UNUSED_VARIABLE = YES;
				IPHONEOS_DEPLOYMENT_TARGET = 11.0;
				MTL_ENABLE_DEBUG_INFO = NO;
				MTL_FAST_MATH = YES;
				SDKROOT = iphoneos;
				SWIFT_COMPILATION_MODE = wholemodule;
				SWIFT_OPTIMIZATION_LEVEL = "-O";
				VALIDATE_PRODUCT = YES;
			};
			name = Release;
		};
		3715EAE2239188E900CAA9E7 /* Debug */ = {
			isa = XCBuildConfiguration;
			baseConfigurationReference = B7C5F9DD6581DA0799B6F075 /* Pods-MDPet.debug.xcconfig */;
			buildSettings = {
				ASSETCATALOG_COMPILER_APPICON_NAME = AppIcon;
				CODE_SIGN_ENTITLEMENTS = MDPet/MDPet.entitlements;
				CODE_SIGN_IDENTITY = "Apple Development";
				CODE_SIGN_STYLE = Automatic;
				DEVELOPMENT_TEAM = C88WF6385D;
				INFOPLIST_FILE = "MDPet/Supporting Files/Info.plist";
				IPHONEOS_DEPLOYMENT_TARGET = 11.0;
				LD_RUNPATH_SEARCH_PATHS = (
					"$(inherited)",
					"@executable_path/Frameworks",
				);
				PRODUCT_BUNDLE_IDENTIFIER = com.philippe.MDPet;
				PRODUCT_NAME = "$(TARGET_NAME)";
				PROVISIONING_PROFILE_SPECIFIER = "";
				SWIFT_VERSION = 5.0;
				TARGETED_DEVICE_FAMILY = "1,2";
			};
			name = Debug;
		};
		3715EAE3239188E900CAA9E7 /* Release */ = {
			isa = XCBuildConfiguration;
			baseConfigurationReference = 5461D8453E8C939CF7C9CDBE /* Pods-MDPet.release.xcconfig */;
			buildSettings = {
				ASSETCATALOG_COMPILER_APPICON_NAME = AppIcon;
				CODE_SIGN_ENTITLEMENTS = MDPet/MDPetRelease.entitlements;
				CODE_SIGN_IDENTITY = "Apple Development";
				CODE_SIGN_STYLE = Automatic;
				DEVELOPMENT_TEAM = C88WF6385D;
				INFOPLIST_FILE = "MDPet/Supporting Files/Info.plist";
				IPHONEOS_DEPLOYMENT_TARGET = 11.0;
				LD_RUNPATH_SEARCH_PATHS = (
					"$(inherited)",
					"@executable_path/Frameworks",
				);
				PRODUCT_BUNDLE_IDENTIFIER = com.philippe.MDPet;
				PRODUCT_NAME = "$(TARGET_NAME)";
				PROVISIONING_PROFILE_SPECIFIER = "";
				SWIFT_VERSION = 5.0;
				TARGETED_DEVICE_FAMILY = "1,2";
			};
			name = Release;
		};
		3715EAE5239188E900CAA9E7 /* Debug */ = {
			isa = XCBuildConfiguration;
			baseConfigurationReference = B6F85B532D5278025591B2BB /* Pods-MDPet-MDPetTests.debug.xcconfig */;
			buildSettings = {
				ALWAYS_EMBED_SWIFT_STANDARD_LIBRARIES = "$(inherited)";
				BUNDLE_LOADER = "$(TEST_HOST)";
				CODE_SIGN_STYLE = Automatic;
				DEVELOPMENT_TEAM = C88WF6385D;
				HEADER_SEARCH_PATHS = "$(inherited)";
				INFOPLIST_FILE = MDPetTests/Info.plist;
				IPHONEOS_DEPLOYMENT_TARGET = 13.2;
				LD_RUNPATH_SEARCH_PATHS = (
					"$(inherited)",
					"@executable_path/Frameworks",
					"@loader_path/Frameworks",
				);
				PRODUCT_BUNDLE_IDENTIFIER = com.philippe.MDPetTests;
				PRODUCT_NAME = "$(TARGET_NAME)";
				SWIFT_VERSION = 5.0;
				TARGETED_DEVICE_FAMILY = "1,2";
				TEST_HOST = "$(BUILT_PRODUCTS_DIR)/MDPet.app/MDPet";
			};
			name = Debug;
		};
		3715EAE6239188E900CAA9E7 /* Release */ = {
			isa = XCBuildConfiguration;
			baseConfigurationReference = 3DE25FB5122F5C1015FB02E6 /* Pods-MDPet-MDPetTests.release.xcconfig */;
			buildSettings = {
				ALWAYS_EMBED_SWIFT_STANDARD_LIBRARIES = "$(inherited)";
				BUNDLE_LOADER = "$(TEST_HOST)";
				CODE_SIGN_STYLE = Automatic;
				DEVELOPMENT_TEAM = C88WF6385D;
				HEADER_SEARCH_PATHS = "$(inherited)";
				INFOPLIST_FILE = MDPetTests/Info.plist;
				IPHONEOS_DEPLOYMENT_TARGET = 13.2;
				LD_RUNPATH_SEARCH_PATHS = (
					"$(inherited)",
					"@executable_path/Frameworks",
					"@loader_path/Frameworks",
				);
				PRODUCT_BUNDLE_IDENTIFIER = com.philippe.MDPetTests;
				PRODUCT_NAME = "$(TARGET_NAME)";
				SWIFT_VERSION = 5.0;
				TARGETED_DEVICE_FAMILY = "1,2";
				TEST_HOST = "$(BUILT_PRODUCTS_DIR)/MDPet.app/MDPet";
			};
			name = Release;
		};
/* End XCBuildConfiguration section */

/* Begin XCConfigurationList section */
		3715EABA239188E800CAA9E7 /* Build configuration list for PBXProject "MDPet" */ = {
			isa = XCConfigurationList;
			buildConfigurations = (
				3715EADF239188E900CAA9E7 /* Debug */,
				3715EAE0239188E900CAA9E7 /* Release */,
			);
			defaultConfigurationIsVisible = 0;
			defaultConfigurationName = Release;
		};
		3715EAE1239188E900CAA9E7 /* Build configuration list for PBXNativeTarget "MDPet" */ = {
			isa = XCConfigurationList;
			buildConfigurations = (
				3715EAE2239188E900CAA9E7 /* Debug */,
				3715EAE3239188E900CAA9E7 /* Release */,
			);
			defaultConfigurationIsVisible = 0;
			defaultConfigurationName = Release;
		};
		3715EAE4239188E900CAA9E7 /* Build configuration list for PBXNativeTarget "MDPetTests" */ = {
			isa = XCConfigurationList;
			buildConfigurations = (
				3715EAE5239188E900CAA9E7 /* Debug */,
				3715EAE6239188E900CAA9E7 /* Release */,
			);
			defaultConfigurationIsVisible = 0;
			defaultConfigurationName = Release;
		};
/* End XCConfigurationList section */
	};
	rootObject = 3715EAB7239188E800CAA9E7 /* Project object */;
}
